// !$*UTF8*$!
{
	archiveVersion = 1;
	classes = {
	};
	objectVersion = 55;
	objects = {

/* Begin PBXBuildFile section */
		2F1414A228E3DBCB00CF8EC4 /* Realm in Frameworks */ = {isa = PBXBuildFile; productRef = 2F1414A128E3DBCB00CF8EC4 /* Realm */; };
		2F1414A428E3DBCB00CF8EC4 /* RealmSwift in Frameworks */ = {isa = PBXBuildFile; productRef = 2F1414A328E3DBCB00CF8EC4 /* RealmSwift */; };
		2F1414AA28E45DC200CF8EC4 /* 강원교육모두 Bold.otf in Resources */ = {isa = PBXBuildFile; fileRef = 2F1414A828E45DC200CF8EC4 /* 강원교육모두 Bold.otf */; };
		2F1414AD28E460A100CF8EC4 /* LeeSeoyun.otf in Resources */ = {isa = PBXBuildFile; fileRef = 2F1414AC28E460A100CF8EC4 /* LeeSeoyun.otf */; };
		2F1414B028E460AF00CF8EC4 /* SimKyungha.otf in Resources */ = {isa = PBXBuildFile; fileRef = 2F1414AF28E460AF00CF8EC4 /* SimKyungha.otf */; };
		2F1414B328E4639400CF8EC4 /* FontSettingView.swift in Sources */ = {isa = PBXBuildFile; fileRef = 2F1414B228E4639400CF8EC4 /* FontSettingView.swift */; };
		2F1414B528E463E100CF8EC4 /* FontSettingTableViewCell.swift in Sources */ = {isa = PBXBuildFile; fileRef = 2F1414B428E463E100CF8EC4 /* FontSettingTableViewCell.swift */; };
		2F1414B728E4641100CF8EC4 /* FontSettingViewController.swift in Sources */ = {isa = PBXBuildFile; fileRef = 2F1414B628E4641100CF8EC4 /* FontSettingViewController.swift */; };
		2F1414B928E464AB00CF8EC4 /* FontTable.swift in Sources */ = {isa = PBXBuildFile; fileRef = 2F1414B828E464AB00CF8EC4 /* FontTable.swift */; };
		2F2AFAB728E16FAC00856314 /* ChartView.swift in Sources */ = {isa = PBXBuildFile; fileRef = 2F2AFAB628E16FAC00856314 /* ChartView.swift */; };
		2F2AFABB28E16FEC00856314 /* ChartViewController.swift in Sources */ = {isa = PBXBuildFile; fileRef = 2F2AFABA28E16FEC00856314 /* ChartViewController.swift */; };
		2F2AFABE28E17AEB00856314 /* Charts in Frameworks */ = {isa = PBXBuildFile; productRef = 2F2AFABD28E17AEB00856314 /* Charts */; };
		2F2AFAC028E195FB00856314 /* StatusLogic.swift in Sources */ = {isa = PBXBuildFile; fileRef = 2F2AFABF28E195FB00856314 /* StatusLogic.swift */; };
		2F2C540528D33D8C00D647AE /* SettingView.swift in Sources */ = {isa = PBXBuildFile; fileRef = 2F2C540428D33D8C00D647AE /* SettingView.swift */; };
		2F2C540728D33DA300D647AE /* SettingTableViewCell.swift in Sources */ = {isa = PBXBuildFile; fileRef = 2F2C540628D33DA300D647AE /* SettingTableViewCell.swift */; };
		2F2C540928D33DBF00D647AE /* SettingViewController.swift in Sources */ = {isa = PBXBuildFile; fileRef = 2F2C540828D33DBF00D647AE /* SettingViewController.swift */; };
		2F2C540C28D342F000D647AE /* TimeSettingView.swift in Sources */ = {isa = PBXBuildFile; fileRef = 2F2C540B28D342F000D647AE /* TimeSettingView.swift */; };
		2F2C540E28D3430100D647AE /* TimeSettingViewController.swift in Sources */ = {isa = PBXBuildFile; fileRef = 2F2C540D28D3430100D647AE /* TimeSettingViewController.swift */; };
		2F2C541028D3431100D647AE /* TimeSettingTableViewCell.swift in Sources */ = {isa = PBXBuildFile; fileRef = 2F2C540F28D3431100D647AE /* TimeSettingTableViewCell.swift */; };
		2F44A1A528E030640020880E /* ThemaTable.swift in Sources */ = {isa = PBXBuildFile; fileRef = 2F44A1A428E030640020880E /* ThemaTable.swift */; };
		2F44A1A728E0306C0020880E /* CoinTable.swift in Sources */ = {isa = PBXBuildFile; fileRef = 2F44A1A628E0306C0020880E /* CoinTable.swift */; };
		2F44A1A928E0378E0020880E /* UIFont + Extension.swift in Sources */ = {isa = PBXBuildFile; fileRef = 2F44A1A828E0378E0020880E /* UIFont + Extension.swift */; };
		2F44A1AB28E038E20020880E /* Font enum + func.swift in Sources */ = {isa = PBXBuildFile; fileRef = 2F44A1AA28E038E20020880E /* Font enum + func.swift */; };
		2F7EE94128BCEA69000F1F41 /* AppDelegate.swift in Sources */ = {isa = PBXBuildFile; fileRef = 2F7EE94028BCEA69000F1F41 /* AppDelegate.swift */; };
		2F7EE94328BCEA69000F1F41 /* SceneDelegate.swift in Sources */ = {isa = PBXBuildFile; fileRef = 2F7EE94228BCEA69000F1F41 /* SceneDelegate.swift */; };
		2F7EE94528BCEA69000F1F41 /* ViewController.swift in Sources */ = {isa = PBXBuildFile; fileRef = 2F7EE94428BCEA69000F1F41 /* ViewController.swift */; };
		2F7EE94828BCEA69000F1F41 /* Main.storyboard in Resources */ = {isa = PBXBuildFile; fileRef = 2F7EE94628BCEA69000F1F41 /* Main.storyboard */; };
		2F7EE94A28BCEA6B000F1F41 /* Assets.xcassets in Resources */ = {isa = PBXBuildFile; fileRef = 2F7EE94928BCEA6B000F1F41 /* Assets.xcassets */; };
		2F7EE94D28BCEA6B000F1F41 /* LaunchScreen.storyboard in Resources */ = {isa = PBXBuildFile; fileRef = 2F7EE94B28BCEA6B000F1F41 /* LaunchScreen.storyboard */; };
		2F8BAA3E28D7003A00851124 /* ResetPopupView.swift in Sources */ = {isa = PBXBuildFile; fileRef = 2F8BAA3D28D7003A00851124 /* ResetPopupView.swift */; };
		2F8BAA4028D7006300851124 /* ResetPopupViewController.swift in Sources */ = {isa = PBXBuildFile; fileRef = 2F8BAA3F28D7006300851124 /* ResetPopupViewController.swift */; };
		2F9C4EEB28D8396D0004317F /* ThemaSettingView.swift in Sources */ = {isa = PBXBuildFile; fileRef = 2F9C4EEA28D8396D0004317F /* ThemaSettingView.swift */; };
		2F9C4EED28D839860004317F /* ThemaSettingTableViewCell.swift in Sources */ = {isa = PBXBuildFile; fileRef = 2F9C4EEC28D839860004317F /* ThemaSettingTableViewCell.swift */; };
		2F9C4EEF28D8399E0004317F /* ThemaSettingViewController.swift in Sources */ = {isa = PBXBuildFile; fileRef = 2F9C4EEE28D8399E0004317F /* ThemaSettingViewController.swift */; };
		2F9C4EF128D83E270004317F /* Thema enum + func.swift in Sources */ = {isa = PBXBuildFile; fileRef = 2F9C4EF028D83E270004317F /* Thema enum + func.swift */; };
		2F9F6C2A28D19DBD0005986C /* DateFormatterHelper.swift in Sources */ = {isa = PBXBuildFile; fileRef = 2F9F6C2928D19DBD0005986C /* DateFormatterHelper.swift */; };
		2FAA583A28CC52690067BFE8 /* BaseView.swift in Sources */ = {isa = PBXBuildFile; fileRef = 2FAA583928CC52690067BFE8 /* BaseView.swift */; };
		2FAA583C28CC52780067BFE8 /* BaseViewController.swift in Sources */ = {isa = PBXBuildFile; fileRef = 2FAA583B28CC52780067BFE8 /* BaseViewController.swift */; };
		2FAA583E28CC53A50067BFE8 /* BaseTableViewCell.swift in Sources */ = {isa = PBXBuildFile; fileRef = 2FAA583D28CC53A50067BFE8 /* BaseTableViewCell.swift */; };
		2FAA584228CC53F30067BFE8 /* MainView.swift in Sources */ = {isa = PBXBuildFile; fileRef = 2FAA584128CC53F30067BFE8 /* MainView.swift */; };
		2FAA584528CC54630067BFE8 /* SnapKit in Frameworks */ = {isa = PBXBuildFile; productRef = 2FAA584428CC54630067BFE8 /* SnapKit */; };
		2FAA584728CC54E00067BFE8 /* UIColor + Extension.swift in Sources */ = {isa = PBXBuildFile; fileRef = 2FAA584628CC54E00067BFE8 /* UIColor + Extension.swift */; };
		2FAA584928CC59BD0067BFE8 /* MainViewController.swift in Sources */ = {isa = PBXBuildFile; fileRef = 2FAA584828CC59BD0067BFE8 /* MainViewController.swift */; };
		2FB08A0228E95F3D004B1B04 /* PageNationViewController.swift in Sources */ = {isa = PBXBuildFile; fileRef = 2FB08A0128E95F3D004B1B04 /* PageNationViewController.swift */; };
		2FB08A0428E95FB0004B1B04 /* FirstViewController.swift in Sources */ = {isa = PBXBuildFile; fileRef = 2FB08A0328E95FB0004B1B04 /* FirstViewController.swift */; };
		2FB08A0628E95FC6004B1B04 /* SecondViewController.swift in Sources */ = {isa = PBXBuildFile; fileRef = 2FB08A0528E95FC6004B1B04 /* SecondViewController.swift */; };
		2FB08A0828E95FD2004B1B04 /* ThirdViewController.swift in Sources */ = {isa = PBXBuildFile; fileRef = 2FB08A0728E95FD2004B1B04 /* ThirdViewController.swift */; };
		2FB08A0F28E96EA2004B1B04 /* GetCodeInputView.swift in Sources */ = {isa = PBXBuildFile; fileRef = 2FB08A0E28E96EA2004B1B04 /* GetCodeInputView.swift */; };
		2FB08A1128E96EAF004B1B04 /* GetCodeInputViewController.swift in Sources */ = {isa = PBXBuildFile; fileRef = 2FB08A1028E96EAF004B1B04 /* GetCodeInputViewController.swift */; };
		2FB08A1328E98184004B1B04 /* PaginationView.swift in Sources */ = {isa = PBXBuildFile; fileRef = 2FB08A1228E98184004B1B04 /* PaginationView.swift */; };
		2FB08A1528E9855A004B1B04 /* PaginationFinalView.swift in Sources */ = {isa = PBXBuildFile; fileRef = 2FB08A1428E9855A004B1B04 /* PaginationFinalView.swift */; };
		2FB41FF828CF8D7C00B8E245 /* FSCalendar in Frameworks */ = {isa = PBXBuildFile; productRef = 2FB41FF728CF8D7C00B8E245 /* FSCalendar */; };
		2FBAE20028D05952007F834F /* UserTable.swift in Sources */ = {isa = PBXBuildFile; fileRef = 2FBAE1FF28D05952007F834F /* UserTable.swift */; };
		2FBAE20228D0609F007F834F /* ATRepository.swift in Sources */ = {isa = PBXBuildFile; fileRef = 2FBAE20128D0609F007F834F /* ATRepository.swift */; };
		2FBE24C928CEDBAF00BAA0F1 /* UhBee BEOJJI.ttf in Resources */ = {isa = PBXBuildFile; fileRef = 2FBE24C828CEDB9300BAA0F1 /* UhBee BEOJJI.ttf */; };
		2FBE24CA28CEDBB300BAA0F1 /* UhBee BEOJJI Bold.ttf in Resources */ = {isa = PBXBuildFile; fileRef = 2FBE24C728CEDB8F00BAA0F1 /* UhBee BEOJJI Bold.ttf */; };
		2FBE24CE28CF004A00BAA0F1 /* CircularProgress.swift in Sources */ = {isa = PBXBuildFile; fileRef = 2FBE24CD28CF004A00BAA0F1 /* CircularProgress.swift */; };
		2FBE24D328CF241700BAA0F1 /* FinishPopupView.swift in Sources */ = {isa = PBXBuildFile; fileRef = 2FBE24D228CF241700BAA0F1 /* FinishPopupView.swift */; };
		2FBE24D528CF248700BAA0F1 /* FinishPopupViewController.swift in Sources */ = {isa = PBXBuildFile; fileRef = 2FBE24D428CF248700BAA0F1 /* FinishPopupViewController.swift */; };
		2FBE24DC28CF37EE00BAA0F1 /* CalendarView.swift in Sources */ = {isa = PBXBuildFile; fileRef = 2FBE24DB28CF37EE00BAA0F1 /* CalendarView.swift */; };
		2FBE24DE28CF37FA00BAA0F1 /* CalendarViewController.swift in Sources */ = {isa = PBXBuildFile; fileRef = 2FBE24DD28CF37FA00BAA0F1 /* CalendarViewController.swift */; };
		2FBE24E028CF41A200BAA0F1 /* CalendarTableViewCell.swift in Sources */ = {isa = PBXBuildFile; fileRef = 2FBE24DF28CF41A200BAA0F1 /* CalendarTableViewCell.swift */; };
		2FC6146228ED51FC0027E090 /* TimeLineView.swift in Sources */ = {isa = PBXBuildFile; fileRef = 2FC6146128ED51FC0027E090 /* TimeLineView.swift */; };
		2FC6146428ED52090027E090 /* TimeLineViewController.swift in Sources */ = {isa = PBXBuildFile; fileRef = 2FC6146328ED52090027E090 /* TimeLineViewController.swift */; };
		2FC6146628ED52ED0027E090 /* TimeLineTableViewCell.swift in Sources */ = {isa = PBXBuildFile; fileRef = 2FC6146528ED52ED0027E090 /* TimeLineTableViewCell.swift */; };
		2FCB706428CA4223002AF578 /* ReusableProtocol.swift in Sources */ = {isa = PBXBuildFile; fileRef = 2FCB706328CA4223002AF578 /* ReusableProtocol.swift */; };
		2FD5515028D71DFB00D1ED25 /* Toast in Frameworks */ = {isa = PBXBuildFile; productRef = 2FD5514F28D71DFB00D1ED25 /* Toast */; };
		2FE4233128CA32C700BA7484 /* Transition+Extension.swift in Sources */ = {isa = PBXBuildFile; fileRef = 2FE4233028CA32C700BA7484 /* Transition+Extension.swift */; };
/* End PBXBuildFile section */

/* Begin PBXFileReference section */
		2F1414A828E45DC200CF8EC4 /* 강원교육모두 Bold.otf */ = {isa = PBXFileReference; lastKnownFileType = file; path = "강원교육모두 Bold.otf"; sourceTree = "<group>"; };
		2F1414AC28E460A100CF8EC4 /* LeeSeoyun.otf */ = {isa = PBXFileReference; lastKnownFileType = file; path = LeeSeoyun.otf; sourceTree = "<group>"; };
		2F1414AF28E460AF00CF8EC4 /* SimKyungha.otf */ = {isa = PBXFileReference; lastKnownFileType = file; path = SimKyungha.otf; sourceTree = "<group>"; };
		2F1414B228E4639400CF8EC4 /* FontSettingView.swift */ = {isa = PBXFileReference; lastKnownFileType = sourcecode.swift; path = FontSettingView.swift; sourceTree = "<group>"; };
		2F1414B428E463E100CF8EC4 /* FontSettingTableViewCell.swift */ = {isa = PBXFileReference; lastKnownFileType = sourcecode.swift; path = FontSettingTableViewCell.swift; sourceTree = "<group>"; };
		2F1414B628E4641100CF8EC4 /* FontSettingViewController.swift */ = {isa = PBXFileReference; lastKnownFileType = sourcecode.swift; path = FontSettingViewController.swift; sourceTree = "<group>"; };
		2F1414B828E464AB00CF8EC4 /* FontTable.swift */ = {isa = PBXFileReference; lastKnownFileType = sourcecode.swift; path = FontTable.swift; sourceTree = "<group>"; };
		2F2AFAB628E16FAC00856314 /* ChartView.swift */ = {isa = PBXFileReference; lastKnownFileType = sourcecode.swift; path = ChartView.swift; sourceTree = "<group>"; };
		2F2AFABA28E16FEC00856314 /* ChartViewController.swift */ = {isa = PBXFileReference; lastKnownFileType = sourcecode.swift; path = ChartViewController.swift; sourceTree = "<group>"; };
		2F2AFABF28E195FB00856314 /* StatusLogic.swift */ = {isa = PBXFileReference; lastKnownFileType = sourcecode.swift; path = StatusLogic.swift; sourceTree = "<group>"; };
		2F2C540428D33D8C00D647AE /* SettingView.swift */ = {isa = PBXFileReference; lastKnownFileType = sourcecode.swift; path = SettingView.swift; sourceTree = "<group>"; };
		2F2C540628D33DA300D647AE /* SettingTableViewCell.swift */ = {isa = PBXFileReference; lastKnownFileType = sourcecode.swift; path = SettingTableViewCell.swift; sourceTree = "<group>"; };
		2F2C540828D33DBF00D647AE /* SettingViewController.swift */ = {isa = PBXFileReference; lastKnownFileType = sourcecode.swift; path = SettingViewController.swift; sourceTree = "<group>"; };
		2F2C540B28D342F000D647AE /* TimeSettingView.swift */ = {isa = PBXFileReference; lastKnownFileType = sourcecode.swift; path = TimeSettingView.swift; sourceTree = "<group>"; };
		2F2C540D28D3430100D647AE /* TimeSettingViewController.swift */ = {isa = PBXFileReference; lastKnownFileType = sourcecode.swift; path = TimeSettingViewController.swift; sourceTree = "<group>"; };
		2F2C540F28D3431100D647AE /* TimeSettingTableViewCell.swift */ = {isa = PBXFileReference; lastKnownFileType = sourcecode.swift; path = TimeSettingTableViewCell.swift; sourceTree = "<group>"; };
		2F44A1A428E030640020880E /* ThemaTable.swift */ = {isa = PBXFileReference; lastKnownFileType = sourcecode.swift; path = ThemaTable.swift; sourceTree = "<group>"; };
		2F44A1A628E0306C0020880E /* CoinTable.swift */ = {isa = PBXFileReference; lastKnownFileType = sourcecode.swift; path = CoinTable.swift; sourceTree = "<group>"; };
		2F44A1A828E0378E0020880E /* UIFont + Extension.swift */ = {isa = PBXFileReference; lastKnownFileType = sourcecode.swift; path = "UIFont + Extension.swift"; sourceTree = "<group>"; };
		2F44A1AA28E038E20020880E /* Font enum + func.swift */ = {isa = PBXFileReference; lastKnownFileType = sourcecode.swift; path = "Font enum + func.swift"; sourceTree = "<group>"; };
		2F7EE93D28BCEA69000F1F41 /* AppleTree.app */ = {isa = PBXFileReference; explicitFileType = wrapper.application; includeInIndex = 0; path = AppleTree.app; sourceTree = BUILT_PRODUCTS_DIR; };
		2F7EE94028BCEA69000F1F41 /* AppDelegate.swift */ = {isa = PBXFileReference; lastKnownFileType = sourcecode.swift; path = AppDelegate.swift; sourceTree = "<group>"; };
		2F7EE94228BCEA69000F1F41 /* SceneDelegate.swift */ = {isa = PBXFileReference; lastKnownFileType = sourcecode.swift; path = SceneDelegate.swift; sourceTree = "<group>"; };
		2F7EE94428BCEA69000F1F41 /* ViewController.swift */ = {isa = PBXFileReference; lastKnownFileType = sourcecode.swift; path = ViewController.swift; sourceTree = "<group>"; };
		2F7EE94728BCEA69000F1F41 /* Base */ = {isa = PBXFileReference; lastKnownFileType = file.storyboard; name = Base; path = Base.lproj/Main.storyboard; sourceTree = "<group>"; };
		2F7EE94928BCEA6B000F1F41 /* Assets.xcassets */ = {isa = PBXFileReference; lastKnownFileType = folder.assetcatalog; path = Assets.xcassets; sourceTree = "<group>"; };
		2F7EE94C28BCEA6B000F1F41 /* Base */ = {isa = PBXFileReference; lastKnownFileType = file.storyboard; name = Base; path = Base.lproj/LaunchScreen.storyboard; sourceTree = "<group>"; };
		2F7EE94E28BCEA6B000F1F41 /* Info.plist */ = {isa = PBXFileReference; lastKnownFileType = text.plist.xml; path = Info.plist; sourceTree = "<group>"; };
		2F8BAA3D28D7003A00851124 /* ResetPopupView.swift */ = {isa = PBXFileReference; lastKnownFileType = sourcecode.swift; path = ResetPopupView.swift; sourceTree = "<group>"; };
		2F8BAA3F28D7006300851124 /* ResetPopupViewController.swift */ = {isa = PBXFileReference; lastKnownFileType = sourcecode.swift; path = ResetPopupViewController.swift; sourceTree = "<group>"; };
		2F9C4EEA28D8396D0004317F /* ThemaSettingView.swift */ = {isa = PBXFileReference; lastKnownFileType = sourcecode.swift; path = ThemaSettingView.swift; sourceTree = "<group>"; };
		2F9C4EEC28D839860004317F /* ThemaSettingTableViewCell.swift */ = {isa = PBXFileReference; lastKnownFileType = sourcecode.swift; path = ThemaSettingTableViewCell.swift; sourceTree = "<group>"; };
		2F9C4EEE28D8399E0004317F /* ThemaSettingViewController.swift */ = {isa = PBXFileReference; lastKnownFileType = sourcecode.swift; path = ThemaSettingViewController.swift; sourceTree = "<group>"; };
		2F9C4EF028D83E270004317F /* Thema enum + func.swift */ = {isa = PBXFileReference; lastKnownFileType = sourcecode.swift; path = "Thema enum + func.swift"; sourceTree = "<group>"; };
		2F9F6C2928D19DBD0005986C /* DateFormatterHelper.swift */ = {isa = PBXFileReference; lastKnownFileType = sourcecode.swift; path = DateFormatterHelper.swift; sourceTree = "<group>"; };
		2FAA583928CC52690067BFE8 /* BaseView.swift */ = {isa = PBXFileReference; lastKnownFileType = sourcecode.swift; path = BaseView.swift; sourceTree = "<group>"; };
		2FAA583B28CC52780067BFE8 /* BaseViewController.swift */ = {isa = PBXFileReference; lastKnownFileType = sourcecode.swift; path = BaseViewController.swift; sourceTree = "<group>"; };
		2FAA583D28CC53A50067BFE8 /* BaseTableViewCell.swift */ = {isa = PBXFileReference; lastKnownFileType = sourcecode.swift; path = BaseTableViewCell.swift; sourceTree = "<group>"; };
		2FAA584128CC53F30067BFE8 /* MainView.swift */ = {isa = PBXFileReference; lastKnownFileType = sourcecode.swift; path = MainView.swift; sourceTree = "<group>"; };
		2FAA584628CC54E00067BFE8 /* UIColor + Extension.swift */ = {isa = PBXFileReference; lastKnownFileType = sourcecode.swift; path = "UIColor + Extension.swift"; sourceTree = "<group>"; };
		2FAA584828CC59BD0067BFE8 /* MainViewController.swift */ = {isa = PBXFileReference; lastKnownFileType = sourcecode.swift; path = MainViewController.swift; sourceTree = "<group>"; };
		2FB08A0128E95F3D004B1B04 /* PageNationViewController.swift */ = {isa = PBXFileReference; lastKnownFileType = sourcecode.swift; path = PageNationViewController.swift; sourceTree = "<group>"; };
		2FB08A0328E95FB0004B1B04 /* FirstViewController.swift */ = {isa = PBXFileReference; lastKnownFileType = sourcecode.swift; path = FirstViewController.swift; sourceTree = "<group>"; };
		2FB08A0528E95FC6004B1B04 /* SecondViewController.swift */ = {isa = PBXFileReference; lastKnownFileType = sourcecode.swift; path = SecondViewController.swift; sourceTree = "<group>"; };
		2FB08A0728E95FD2004B1B04 /* ThirdViewController.swift */ = {isa = PBXFileReference; lastKnownFileType = sourcecode.swift; path = ThirdViewController.swift; sourceTree = "<group>"; };
		2FB08A0E28E96EA2004B1B04 /* GetCodeInputView.swift */ = {isa = PBXFileReference; lastKnownFileType = sourcecode.swift; path = GetCodeInputView.swift; sourceTree = "<group>"; };
		2FB08A1028E96EAF004B1B04 /* GetCodeInputViewController.swift */ = {isa = PBXFileReference; lastKnownFileType = sourcecode.swift; path = GetCodeInputViewController.swift; sourceTree = "<group>"; };
		2FB08A1228E98184004B1B04 /* PaginationView.swift */ = {isa = PBXFileReference; lastKnownFileType = sourcecode.swift; path = PaginationView.swift; sourceTree = "<group>"; };
		2FB08A1428E9855A004B1B04 /* PaginationFinalView.swift */ = {isa = PBXFileReference; lastKnownFileType = sourcecode.swift; path = PaginationFinalView.swift; sourceTree = "<group>"; };
		2FBAE1FF28D05952007F834F /* UserTable.swift */ = {isa = PBXFileReference; lastKnownFileType = sourcecode.swift; path = UserTable.swift; sourceTree = "<group>"; };
		2FBAE20128D0609F007F834F /* ATRepository.swift */ = {isa = PBXFileReference; lastKnownFileType = sourcecode.swift; path = ATRepository.swift; sourceTree = "<group>"; };
		2FBE24C728CEDB8F00BAA0F1 /* UhBee BEOJJI Bold.ttf */ = {isa = PBXFileReference; lastKnownFileType = file; path = "UhBee BEOJJI Bold.ttf"; sourceTree = "<group>"; };
		2FBE24C828CEDB9300BAA0F1 /* UhBee BEOJJI.ttf */ = {isa = PBXFileReference; lastKnownFileType = file; path = "UhBee BEOJJI.ttf"; sourceTree = "<group>"; };
		2FBE24CD28CF004A00BAA0F1 /* CircularProgress.swift */ = {isa = PBXFileReference; lastKnownFileType = sourcecode.swift; path = CircularProgress.swift; sourceTree = "<group>"; };
		2FBE24D228CF241700BAA0F1 /* FinishPopupView.swift */ = {isa = PBXFileReference; lastKnownFileType = sourcecode.swift; path = FinishPopupView.swift; sourceTree = "<group>"; };
		2FBE24D428CF248700BAA0F1 /* FinishPopupViewController.swift */ = {isa = PBXFileReference; lastKnownFileType = sourcecode.swift; path = FinishPopupViewController.swift; sourceTree = "<group>"; };
		2FBE24DB28CF37EE00BAA0F1 /* CalendarView.swift */ = {isa = PBXFileReference; lastKnownFileType = sourcecode.swift; path = CalendarView.swift; sourceTree = "<group>"; };
		2FBE24DD28CF37FA00BAA0F1 /* CalendarViewController.swift */ = {isa = PBXFileReference; lastKnownFileType = sourcecode.swift; path = CalendarViewController.swift; sourceTree = "<group>"; };
		2FBE24DF28CF41A200BAA0F1 /* CalendarTableViewCell.swift */ = {isa = PBXFileReference; lastKnownFileType = sourcecode.swift; path = CalendarTableViewCell.swift; sourceTree = "<group>"; };
		2FC6146128ED51FC0027E090 /* TimeLineView.swift */ = {isa = PBXFileReference; lastKnownFileType = sourcecode.swift; path = TimeLineView.swift; sourceTree = "<group>"; };
		2FC6146328ED52090027E090 /* TimeLineViewController.swift */ = {isa = PBXFileReference; lastKnownFileType = sourcecode.swift; path = TimeLineViewController.swift; sourceTree = "<group>"; };
		2FC6146528ED52ED0027E090 /* TimeLineTableViewCell.swift */ = {isa = PBXFileReference; lastKnownFileType = sourcecode.swift; path = TimeLineTableViewCell.swift; sourceTree = "<group>"; };
		2FCB706328CA4223002AF578 /* ReusableProtocol.swift */ = {isa = PBXFileReference; lastKnownFileType = sourcecode.swift; path = ReusableProtocol.swift; sourceTree = "<group>"; };
		2FE4233028CA32C700BA7484 /* Transition+Extension.swift */ = {isa = PBXFileReference; lastKnownFileType = sourcecode.swift; path = "Transition+Extension.swift"; sourceTree = "<group>"; };
/* End PBXFileReference section */

/* Begin PBXFrameworksBuildPhase section */
		2F7EE93A28BCEA69000F1F41 /* Frameworks */ = {
			isa = PBXFrameworksBuildPhase;
			buildActionMask = 2147483647;
			files = (
				2F1414A428E3DBCB00CF8EC4 /* RealmSwift in Frameworks */,
				2F2AFABE28E17AEB00856314 /* Charts in Frameworks */,
				2FAA584528CC54630067BFE8 /* SnapKit in Frameworks */,
				2FD5515028D71DFB00D1ED25 /* Toast in Frameworks */,
				2FB41FF828CF8D7C00B8E245 /* FSCalendar in Frameworks */,
				2F1414A228E3DBCB00CF8EC4 /* Realm in Frameworks */,
			);
			runOnlyForDeploymentPostprocessing = 0;
		};
/* End PBXFrameworksBuildPhase section */

/* Begin PBXGroup section */
		2F1414A528E45D5F00CF8EC4 /* UhBeeFont */ = {
			isa = PBXGroup;
			children = (
				2FBE24C828CEDB9300BAA0F1 /* UhBee BEOJJI.ttf */,
				2FBE24C728CEDB8F00BAA0F1 /* UhBee BEOJJI Bold.ttf */,
			);
			path = UhBeeFont;
			sourceTree = "<group>";
		};
		2F1414A628E45D6C00CF8EC4 /* GangwonFont */ = {
			isa = PBXGroup;
			children = (
				2F1414A828E45DC200CF8EC4 /* 강원교육모두 Bold.otf */,
			);
			path = GangwonFont;
			sourceTree = "<group>";
		};
		2F1414AB28E4606A00CF8EC4 /* SeoyunFont */ = {
			isa = PBXGroup;
			children = (
				2F1414AC28E460A100CF8EC4 /* LeeSeoyun.otf */,
			);
			path = SeoyunFont;
			sourceTree = "<group>";
		};
		2F1414AE28E460A800CF8EC4 /* KunghaFont */ = {
			isa = PBXGroup;
			children = (
				2F1414AF28E460AF00CF8EC4 /* SimKyungha.otf */,
			);
			path = KunghaFont;
			sourceTree = "<group>";
		};
		2F1414B128E4637B00CF8EC4 /* FontSetting */ = {
			isa = PBXGroup;
			children = (
				2F1414B228E4639400CF8EC4 /* FontSettingView.swift */,
				2F1414B428E463E100CF8EC4 /* FontSettingTableViewCell.swift */,
				2F1414B628E4641100CF8EC4 /* FontSettingViewController.swift */,
			);
			path = FontSetting;
			sourceTree = "<group>";
		};
		2F2AFAB528E16F8C00856314 /* Chart */ = {
			isa = PBXGroup;
			children = (
				2F2AFAB628E16FAC00856314 /* ChartView.swift */,
				2F2AFABA28E16FEC00856314 /* ChartViewController.swift */,
			);
			path = Chart;
			sourceTree = "<group>";
		};
		2F2C540A28D342D000D647AE /* TimeSetting */ = {
			isa = PBXGroup;
			children = (
				2F2C540F28D3431100D647AE /* TimeSettingTableViewCell.swift */,
				2F2C540B28D342F000D647AE /* TimeSettingView.swift */,
				2F2C540D28D3430100D647AE /* TimeSettingViewController.swift */,
			);
			path = TimeSetting;
			sourceTree = "<group>";
		};
		2F7EE93428BCEA69000F1F41 = {
			isa = PBXGroup;
			children = (
				2F7EE93F28BCEA69000F1F41 /* AppleTree */,
				2F7EE93E28BCEA69000F1F41 /* Products */,
			);
			sourceTree = "<group>";
		};
		2F7EE93E28BCEA69000F1F41 /* Products */ = {
			isa = PBXGroup;
			children = (
				2F7EE93D28BCEA69000F1F41 /* AppleTree.app */,
			);
			name = Products;
			sourceTree = "<group>";
		};
		2F7EE93F28BCEA69000F1F41 /* AppleTree */ = {
			isa = PBXGroup;
			children = (
				2FC6146028ED51DF0027E090 /* TimeLine */,
				2FB08A0028E95C8C004B1B04 /* Pagination */,
				2F9F6C2828D19D8D0005986C /* DataSetting */,
				2FBAE1FE28D0578A007F834F /* DataBase */,
				2FBE24C628CEDB8900BAA0F1 /* Font */,
				2FAA583F28CC53D30067BFE8 /* Scene */,
				2FAA583828CC52560067BFE8 /* Base */,
				2FAA583728CC51FD0067BFE8 /* Utility */,
				2FAA583628CC51F40067BFE8 /* Extenstion */,
				2F7EE94028BCEA69000F1F41 /* AppDelegate.swift */,
				2F7EE94228BCEA69000F1F41 /* SceneDelegate.swift */,
				2F7EE94428BCEA69000F1F41 /* ViewController.swift */,
				2F7EE94628BCEA69000F1F41 /* Main.storyboard */,
				2F7EE94928BCEA6B000F1F41 /* Assets.xcassets */,
				2F7EE94B28BCEA6B000F1F41 /* LaunchScreen.storyboard */,
				2F7EE94E28BCEA6B000F1F41 /* Info.plist */,
			);
			path = AppleTree;
			sourceTree = "<group>";
		};
		2F8BAA3C28D7001B00851124 /* ResetPopup */ = {
			isa = PBXGroup;
			children = (
				2F8BAA3D28D7003A00851124 /* ResetPopupView.swift */,
				2F8BAA3F28D7006300851124 /* ResetPopupViewController.swift */,
			);
			path = ResetPopup;
			sourceTree = "<group>";
		};
		2F9C4EE928D839580004317F /* ThemaSetting */ = {
			isa = PBXGroup;
			children = (
				2F9C4EEA28D8396D0004317F /* ThemaSettingView.swift */,
				2F9C4EEC28D839860004317F /* ThemaSettingTableViewCell.swift */,
				2F9C4EEE28D8399E0004317F /* ThemaSettingViewController.swift */,
			);
			path = ThemaSetting;
			sourceTree = "<group>";
		};
		2F9F6C2828D19D8D0005986C /* DataSetting */ = {
			isa = PBXGroup;
			children = (
				2F9F6C2928D19DBD0005986C /* DateFormatterHelper.swift */,
			);
			path = DataSetting;
			sourceTree = "<group>";
		};
		2FAA583628CC51F40067BFE8 /* Extenstion */ = {
			isa = PBXGroup;
			children = (
				2FE4233028CA32C700BA7484 /* Transition+Extension.swift */,
				2FAA584628CC54E00067BFE8 /* UIColor + Extension.swift */,
				2F44A1A828E0378E0020880E /* UIFont + Extension.swift */,
			);
			path = Extenstion;
			sourceTree = "<group>";
		};
		2FAA583728CC51FD0067BFE8 /* Utility */ = {
			isa = PBXGroup;
			children = (
				2FCB706328CA4223002AF578 /* ReusableProtocol.swift */,
			);
			path = Utility;
			sourceTree = "<group>";
		};
		2FAA583828CC52560067BFE8 /* Base */ = {
			isa = PBXGroup;
			children = (
				2FAA583928CC52690067BFE8 /* BaseView.swift */,
				2FAA583B28CC52780067BFE8 /* BaseViewController.swift */,
				2FAA583D28CC53A50067BFE8 /* BaseTableViewCell.swift */,
				2F9C4EF028D83E270004317F /* Thema enum + func.swift */,
				2F44A1AA28E038E20020880E /* Font enum + func.swift */,
			);
			path = Base;
			sourceTree = "<group>";
		};
		2FAA583F28CC53D30067BFE8 /* Scene */ = {
			isa = PBXGroup;
			children = (
				2FB08A0D28E96E82004B1B04 /* CodeInput */,
				2F8BAA3C28D7001B00851124 /* ResetPopup */,
				2FBE24D128CF23BF00BAA0F1 /* FinishPopup */,
				2FBE24D028CF21E600BAA0F1 /* Calendar */,
				2FBE24CF28CF21DB00BAA0F1 /* Setting */,
				2FAA584028CC53E60067BFE8 /* Main */,
			);
			path = Scene;
			sourceTree = "<group>";
		};
		2FAA584028CC53E60067BFE8 /* Main */ = {
			isa = PBXGroup;
			children = (
				2FAA584128CC53F30067BFE8 /* MainView.swift */,
				2FAA584828CC59BD0067BFE8 /* MainViewController.swift */,
				2FBE24CD28CF004A00BAA0F1 /* CircularProgress.swift */,
			);
			path = Main;
			sourceTree = "<group>";
		};
		2FB08A0028E95C8C004B1B04 /* Pagination */ = {
			isa = PBXGroup;
			children = (
				2FB08A0128E95F3D004B1B04 /* PageNationViewController.swift */,
				2FB08A0528E95FC6004B1B04 /* SecondViewController.swift */,
				2FB08A0328E95FB0004B1B04 /* FirstViewController.swift */,
				2FB08A0728E95FD2004B1B04 /* ThirdViewController.swift */,
				2FB08A1228E98184004B1B04 /* PaginationView.swift */,
				2FB08A1428E9855A004B1B04 /* PaginationFinalView.swift */,
			);
			path = Pagination;
			sourceTree = "<group>";
		};
		2FB08A0D28E96E82004B1B04 /* CodeInput */ = {
			isa = PBXGroup;
			children = (
				2FB08A0E28E96EA2004B1B04 /* GetCodeInputView.swift */,
				2FB08A1028E96EAF004B1B04 /* GetCodeInputViewController.swift */,
			);
			path = CodeInput;
			sourceTree = "<group>";
		};
		2FBAE1FE28D0578A007F834F /* DataBase */ = {
			isa = PBXGroup;
			children = (
				2FBAE20128D0609F007F834F /* ATRepository.swift */,
				2FBAE1FF28D05952007F834F /* UserTable.swift */,
				2F44A1A428E030640020880E /* ThemaTable.swift */,
				2F1414B828E464AB00CF8EC4 /* FontTable.swift */,
				2F44A1A628E0306C0020880E /* CoinTable.swift */,
				2F2AFABF28E195FB00856314 /* StatusLogic.swift */,
			);
			path = DataBase;
			sourceTree = "<group>";
		};
		2FBE24C628CEDB8900BAA0F1 /* Font */ = {
			isa = PBXGroup;
			children = (
				2F1414AE28E460A800CF8EC4 /* KunghaFont */,
				2F1414AB28E4606A00CF8EC4 /* SeoyunFont */,
				2F1414A628E45D6C00CF8EC4 /* GangwonFont */,
				2F1414A528E45D5F00CF8EC4 /* UhBeeFont */,
			);
			path = Font;
			sourceTree = "<group>";
		};
		2FBE24CF28CF21DB00BAA0F1 /* Setting */ = {
			isa = PBXGroup;
			children = (
				2F1414B128E4637B00CF8EC4 /* FontSetting */,
				2F2AFAB528E16F8C00856314 /* Chart */,
				2F9C4EE928D839580004317F /* ThemaSetting */,
				2F2C540A28D342D000D647AE /* TimeSetting */,
				2F2C540628D33DA300D647AE /* SettingTableViewCell.swift */,
				2F2C540428D33D8C00D647AE /* SettingView.swift */,
				2F2C540828D33DBF00D647AE /* SettingViewController.swift */,
			);
			path = Setting;
			sourceTree = "<group>";
		};
		2FBE24D028CF21E600BAA0F1 /* Calendar */ = {
			isa = PBXGroup;
			children = (
				2FBE24DF28CF41A200BAA0F1 /* CalendarTableViewCell.swift */,
				2FBE24DB28CF37EE00BAA0F1 /* CalendarView.swift */,
				2FBE24DD28CF37FA00BAA0F1 /* CalendarViewController.swift */,
			);
			path = Calendar;
			sourceTree = "<group>";
		};
		2FBE24D128CF23BF00BAA0F1 /* FinishPopup */ = {
			isa = PBXGroup;
			children = (
				2FBE24D228CF241700BAA0F1 /* FinishPopupView.swift */,
				2FBE24D428CF248700BAA0F1 /* FinishPopupViewController.swift */,
			);
			path = FinishPopup;
			sourceTree = "<group>";
		};
		2FC6146028ED51DF0027E090 /* TimeLine */ = {
			isa = PBXGroup;
			children = (
				2FC6146128ED51FC0027E090 /* TimeLineView.swift */,
				2FC6146328ED52090027E090 /* TimeLineViewController.swift */,
				2FC6146528ED52ED0027E090 /* TimeLineTableViewCell.swift */,
			);
			path = TimeLine;
			sourceTree = "<group>";
		};
/* End PBXGroup section */

/* Begin PBXNativeTarget section */
		2F7EE93C28BCEA69000F1F41 /* AppleTree */ = {
			isa = PBXNativeTarget;
			buildConfigurationList = 2F7EE95128BCEA6B000F1F41 /* Build configuration list for PBXNativeTarget "AppleTree" */;
			buildPhases = (
				2F7EE93928BCEA69000F1F41 /* Sources */,
				2F7EE93A28BCEA69000F1F41 /* Frameworks */,
				2F7EE93B28BCEA69000F1F41 /* Resources */,
			);
			buildRules = (
			);
			dependencies = (
			);
			name = AppleTree;
			packageProductDependencies = (
				2FAA584428CC54630067BFE8 /* SnapKit */,
				2FB41FF728CF8D7C00B8E245 /* FSCalendar */,
				2FD5514F28D71DFB00D1ED25 /* Toast */,
				2F2AFABD28E17AEB00856314 /* Charts */,
				2F1414A128E3DBCB00CF8EC4 /* Realm */,
				2F1414A328E3DBCB00CF8EC4 /* RealmSwift */,
			);
			productName = AppleTree;
			productReference = 2F7EE93D28BCEA69000F1F41 /* AppleTree.app */;
			productType = "com.apple.product-type.application";
		};
/* End PBXNativeTarget section */

/* Begin PBXProject section */
		2F7EE93528BCEA69000F1F41 /* Project object */ = {
			isa = PBXProject;
			attributes = {
				BuildIndependentTargetsInParallel = 1;
				LastSwiftUpdateCheck = 1340;
				LastUpgradeCheck = 1340;
				TargetAttributes = {
					2F7EE93C28BCEA69000F1F41 = {
						CreatedOnToolsVersion = 13.4.1;
					};
				};
			};
			buildConfigurationList = 2F7EE93828BCEA69000F1F41 /* Build configuration list for PBXProject "AppleTree" */;
			compatibilityVersion = "Xcode 13.0";
			developmentRegion = en;
			hasScannedForEncodings = 0;
			knownRegions = (
				en,
				Base,
			);
			mainGroup = 2F7EE93428BCEA69000F1F41;
			packageReferences = (
				2FAA584328CC54630067BFE8 /* XCRemoteSwiftPackageReference "SnapKit" */,
				2FB41FF628CF8D7C00B8E245 /* XCRemoteSwiftPackageReference "FSCalendar" */,
				2FD5514E28D71DFB00D1ED25 /* XCRemoteSwiftPackageReference "Toast-Swift" */,
				2F2AFABC28E17AEB00856314 /* XCRemoteSwiftPackageReference "Charts" */,
				2F1414A028E3DBCB00CF8EC4 /* XCRemoteSwiftPackageReference "realm-swift" */,
			);
			productRefGroup = 2F7EE93E28BCEA69000F1F41 /* Products */;
			projectDirPath = "";
			projectRoot = "";
			targets = (
				2F7EE93C28BCEA69000F1F41 /* AppleTree */,
			);
		};
/* End PBXProject section */

/* Begin PBXResourcesBuildPhase section */
		2F7EE93B28BCEA69000F1F41 /* Resources */ = {
			isa = PBXResourcesBuildPhase;
			buildActionMask = 2147483647;
			files = (
				2F1414B028E460AF00CF8EC4 /* SimKyungha.otf in Resources */,
				2FBE24CA28CEDBB300BAA0F1 /* UhBee BEOJJI Bold.ttf in Resources */,
				2FBE24C928CEDBAF00BAA0F1 /* UhBee BEOJJI.ttf in Resources */,
				2F1414AA28E45DC200CF8EC4 /* 강원교육모두 Bold.otf in Resources */,
				2F7EE94D28BCEA6B000F1F41 /* LaunchScreen.storyboard in Resources */,
				2F7EE94A28BCEA6B000F1F41 /* Assets.xcassets in Resources */,
				2F1414AD28E460A100CF8EC4 /* LeeSeoyun.otf in Resources */,
				2F7EE94828BCEA69000F1F41 /* Main.storyboard in Resources */,
			);
			runOnlyForDeploymentPostprocessing = 0;
		};
/* End PBXResourcesBuildPhase section */

/* Begin PBXSourcesBuildPhase section */
		2F7EE93928BCEA69000F1F41 /* Sources */ = {
			isa = PBXSourcesBuildPhase;
			buildActionMask = 2147483647;
			files = (
				2FB08A0428E95FB0004B1B04 /* FirstViewController.swift in Sources */,
				2F44A1A528E030640020880E /* ThemaTable.swift in Sources */,
				2F2C540728D33DA300D647AE /* SettingTableViewCell.swift in Sources */,
				2FBE24DE28CF37FA00BAA0F1 /* CalendarViewController.swift in Sources */,
				2F9C4EED28D839860004317F /* ThemaSettingTableViewCell.swift in Sources */,
				2FAA583E28CC53A50067BFE8 /* BaseTableViewCell.swift in Sources */,
				2F2AFABB28E16FEC00856314 /* ChartViewController.swift in Sources */,
				2FC6146228ED51FC0027E090 /* TimeLineView.swift in Sources */,
				2F1414B528E463E100CF8EC4 /* FontSettingTableViewCell.swift in Sources */,
				2F44A1A928E0378E0020880E /* UIFont + Extension.swift in Sources */,
				2FAA584928CC59BD0067BFE8 /* MainViewController.swift in Sources */,
				2FB08A0628E95FC6004B1B04 /* SecondViewController.swift in Sources */,
				2F2C540528D33D8C00D647AE /* SettingView.swift in Sources */,
				2FAA584228CC53F30067BFE8 /* MainView.swift in Sources */,
				2FE4233128CA32C700BA7484 /* Transition+Extension.swift in Sources */,
				2FB08A1528E9855A004B1B04 /* PaginationFinalView.swift in Sources */,
				2FBE24D328CF241700BAA0F1 /* FinishPopupView.swift in Sources */,
				2F2AFAC028E195FB00856314 /* StatusLogic.swift in Sources */,
				2FC6146428ED52090027E090 /* TimeLineViewController.swift in Sources */,
				2F2C540C28D342F000D647AE /* TimeSettingView.swift in Sources */,
				2FC6146628ED52ED0027E090 /* TimeLineTableViewCell.swift in Sources */,
				2F44A1AB28E038E20020880E /* Font enum + func.swift in Sources */,
				2FB08A1328E98184004B1B04 /* PaginationView.swift in Sources */,
				2FBAE20228D0609F007F834F /* ATRepository.swift in Sources */,
				2FBE24DC28CF37EE00BAA0F1 /* CalendarView.swift in Sources */,
				2F1414B728E4641100CF8EC4 /* FontSettingViewController.swift in Sources */,
				2F7EE94528BCEA69000F1F41 /* ViewController.swift in Sources */,
				2F9C4EF128D83E270004317F /* Thema enum + func.swift in Sources */,
				2FBE24D528CF248700BAA0F1 /* FinishPopupViewController.swift in Sources */,
				2F44A1A728E0306C0020880E /* CoinTable.swift in Sources */,
				2FCB706428CA4223002AF578 /* ReusableProtocol.swift in Sources */,
				2FAA583A28CC52690067BFE8 /* BaseView.swift in Sources */,
				2FB08A1128E96EAF004B1B04 /* GetCodeInputViewController.swift in Sources */,
				2F9C4EEF28D8399E0004317F /* ThemaSettingViewController.swift in Sources */,
				2F1414B328E4639400CF8EC4 /* FontSettingView.swift in Sources */,
				2F1414B928E464AB00CF8EC4 /* FontTable.swift in Sources */,
				2F2AFAB728E16FAC00856314 /* ChartView.swift in Sources */,
				2F7EE94128BCEA69000F1F41 /* AppDelegate.swift in Sources */,
				2FB08A0228E95F3D004B1B04 /* PageNationViewController.swift in Sources */,
				2FAA583C28CC52780067BFE8 /* BaseViewController.swift in Sources */,
				2F7EE94328BCEA69000F1F41 /* SceneDelegate.swift in Sources */,
				2FBE24E028CF41A200BAA0F1 /* CalendarTableViewCell.swift in Sources */,
				2FB08A0F28E96EA2004B1B04 /* GetCodeInputView.swift in Sources */,
				2F2C540928D33DBF00D647AE /* SettingViewController.swift in Sources */,
				2F9C4EEB28D8396D0004317F /* ThemaSettingView.swift in Sources */,
				2FAA584728CC54E00067BFE8 /* UIColor + Extension.swift in Sources */,
				2FB08A0828E95FD2004B1B04 /* ThirdViewController.swift in Sources */,
				2FBE24CE28CF004A00BAA0F1 /* CircularProgress.swift in Sources */,
				2F2C540E28D3430100D647AE /* TimeSettingViewController.swift in Sources */,
				2F8BAA4028D7006300851124 /* ResetPopupViewController.swift in Sources */,
				2F8BAA3E28D7003A00851124 /* ResetPopupView.swift in Sources */,
				2F2C541028D3431100D647AE /* TimeSettingTableViewCell.swift in Sources */,
				2F9F6C2A28D19DBD0005986C /* DateFormatterHelper.swift in Sources */,
				2FBAE20028D05952007F834F /* UserTable.swift in Sources */,
			);
			runOnlyForDeploymentPostprocessing = 0;
		};
/* End PBXSourcesBuildPhase section */

/* Begin PBXVariantGroup section */
		2F7EE94628BCEA69000F1F41 /* Main.storyboard */ = {
			isa = PBXVariantGroup;
			children = (
				2F7EE94728BCEA69000F1F41 /* Base */,
			);
			name = Main.storyboard;
			sourceTree = "<group>";
		};
		2F7EE94B28BCEA6B000F1F41 /* LaunchScreen.storyboard */ = {
			isa = PBXVariantGroup;
			children = (
				2F7EE94C28BCEA6B000F1F41 /* Base */,
			);
			name = LaunchScreen.storyboard;
			sourceTree = "<group>";
		};
/* End PBXVariantGroup section */

/* Begin XCBuildConfiguration section */
		2F7EE94F28BCEA6B000F1F41 /* Debug */ = {
			isa = XCBuildConfiguration;
			buildSettings = {
				ALWAYS_SEARCH_USER_PATHS = NO;
				CLANG_ANALYZER_NONNULL = YES;
				CLANG_ANALYZER_NUMBER_OBJECT_CONVERSION = YES_AGGRESSIVE;
				CLANG_CXX_LANGUAGE_STANDARD = "gnu++17";
				CLANG_ENABLE_MODULES = YES;
				CLANG_ENABLE_OBJC_ARC = YES;
				CLANG_ENABLE_OBJC_WEAK = YES;
				CLANG_WARN_BLOCK_CAPTURE_AUTORELEASING = YES;
				CLANG_WARN_BOOL_CONVERSION = YES;
				CLANG_WARN_COMMA = YES;
				CLANG_WARN_CONSTANT_CONVERSION = YES;
				CLANG_WARN_DEPRECATED_OBJC_IMPLEMENTATIONS = YES;
				CLANG_WARN_DIRECT_OBJC_ISA_USAGE = YES_ERROR;
				CLANG_WARN_DOCUMENTATION_COMMENTS = YES;
				CLANG_WARN_EMPTY_BODY = YES;
				CLANG_WARN_ENUM_CONVERSION = YES;
				CLANG_WARN_INFINITE_RECURSION = YES;
				CLANG_WARN_INT_CONVERSION = YES;
				CLANG_WARN_NON_LITERAL_NULL_CONVERSION = YES;
				CLANG_WARN_OBJC_IMPLICIT_RETAIN_SELF = YES;
				CLANG_WARN_OBJC_LITERAL_CONVERSION = YES;
				CLANG_WARN_OBJC_ROOT_CLASS = YES_ERROR;
				CLANG_WARN_QUOTED_INCLUDE_IN_FRAMEWORK_HEADER = YES;
				CLANG_WARN_RANGE_LOOP_ANALYSIS = YES;
				CLANG_WARN_STRICT_PROTOTYPES = YES;
				CLANG_WARN_SUSPICIOUS_MOVE = YES;
				CLANG_WARN_UNGUARDED_AVAILABILITY = YES_AGGRESSIVE;
				CLANG_WARN_UNREACHABLE_CODE = YES;
				CLANG_WARN__DUPLICATE_METHOD_MATCH = YES;
				COPY_PHASE_STRIP = NO;
				DEBUG_INFORMATION_FORMAT = dwarf;
				ENABLE_STRICT_OBJC_MSGSEND = YES;
				ENABLE_TESTABILITY = YES;
				GCC_C_LANGUAGE_STANDARD = gnu11;
				GCC_DYNAMIC_NO_PIC = NO;
				GCC_NO_COMMON_BLOCKS = YES;
				GCC_OPTIMIZATION_LEVEL = 0;
				GCC_PREPROCESSOR_DEFINITIONS = (
					"DEBUG=1",
					"$(inherited)",
				);
				GCC_WARN_64_TO_32_BIT_CONVERSION = YES;
				GCC_WARN_ABOUT_RETURN_TYPE = YES_ERROR;
				GCC_WARN_UNDECLARED_SELECTOR = YES;
				GCC_WARN_UNINITIALIZED_AUTOS = YES_AGGRESSIVE;
				GCC_WARN_UNUSED_FUNCTION = YES;
				GCC_WARN_UNUSED_VARIABLE = YES;
				IPHONEOS_DEPLOYMENT_TARGET = 15.0;
				MTL_ENABLE_DEBUG_INFO = INCLUDE_SOURCE;
				MTL_FAST_MATH = YES;
				ONLY_ACTIVE_ARCH = YES;
				SDKROOT = iphoneos;
				SWIFT_ACTIVE_COMPILATION_CONDITIONS = DEBUG;
				SWIFT_OPTIMIZATION_LEVEL = "-Onone";
			};
			name = Debug;
		};
		2F7EE95028BCEA6B000F1F41 /* Release */ = {
			isa = XCBuildConfiguration;
			buildSettings = {
				ALWAYS_SEARCH_USER_PATHS = NO;
				CLANG_ANALYZER_NONNULL = YES;
				CLANG_ANALYZER_NUMBER_OBJECT_CONVERSION = YES_AGGRESSIVE;
				CLANG_CXX_LANGUAGE_STANDARD = "gnu++17";
				CLANG_ENABLE_MODULES = YES;
				CLANG_ENABLE_OBJC_ARC = YES;
				CLANG_ENABLE_OBJC_WEAK = YES;
				CLANG_WARN_BLOCK_CAPTURE_AUTORELEASING = YES;
				CLANG_WARN_BOOL_CONVERSION = YES;
				CLANG_WARN_COMMA = YES;
				CLANG_WARN_CONSTANT_CONVERSION = YES;
				CLANG_WARN_DEPRECATED_OBJC_IMPLEMENTATIONS = YES;
				CLANG_WARN_DIRECT_OBJC_ISA_USAGE = YES_ERROR;
				CLANG_WARN_DOCUMENTATION_COMMENTS = YES;
				CLANG_WARN_EMPTY_BODY = YES;
				CLANG_WARN_ENUM_CONVERSION = YES;
				CLANG_WARN_INFINITE_RECURSION = YES;
				CLANG_WARN_INT_CONVERSION = YES;
				CLANG_WARN_NON_LITERAL_NULL_CONVERSION = YES;
				CLANG_WARN_OBJC_IMPLICIT_RETAIN_SELF = YES;
				CLANG_WARN_OBJC_LITERAL_CONVERSION = YES;
				CLANG_WARN_OBJC_ROOT_CLASS = YES_ERROR;
				CLANG_WARN_QUOTED_INCLUDE_IN_FRAMEWORK_HEADER = YES;
				CLANG_WARN_RANGE_LOOP_ANALYSIS = YES;
				CLANG_WARN_STRICT_PROTOTYPES = YES;
				CLANG_WARN_SUSPICIOUS_MOVE = YES;
				CLANG_WARN_UNGUARDED_AVAILABILITY = YES_AGGRESSIVE;
				CLANG_WARN_UNREACHABLE_CODE = YES;
				CLANG_WARN__DUPLICATE_METHOD_MATCH = YES;
				COPY_PHASE_STRIP = NO;
				DEBUG_INFORMATION_FORMAT = "dwarf-with-dsym";
				ENABLE_NS_ASSERTIONS = NO;
				ENABLE_STRICT_OBJC_MSGSEND = YES;
				GCC_C_LANGUAGE_STANDARD = gnu11;
				GCC_NO_COMMON_BLOCKS = YES;
				GCC_WARN_64_TO_32_BIT_CONVERSION = YES;
				GCC_WARN_ABOUT_RETURN_TYPE = YES_ERROR;
				GCC_WARN_UNDECLARED_SELECTOR = YES;
				GCC_WARN_UNINITIALIZED_AUTOS = YES_AGGRESSIVE;
				GCC_WARN_UNUSED_FUNCTION = YES;
				GCC_WARN_UNUSED_VARIABLE = YES;
				IPHONEOS_DEPLOYMENT_TARGET = 15.0;
				MTL_ENABLE_DEBUG_INFO = NO;
				MTL_FAST_MATH = YES;
				SDKROOT = iphoneos;
				SWIFT_COMPILATION_MODE = wholemodule;
				SWIFT_OPTIMIZATION_LEVEL = "-O";
				VALIDATE_PRODUCT = YES;
			};
			name = Release;
		};
		2F7EE95228BCEA6B000F1F41 /* Debug */ = {
			isa = XCBuildConfiguration;
			buildSettings = {
				ASSETCATALOG_COMPILER_APPICON_NAME = AppIcon;
				ASSETCATALOG_COMPILER_GLOBAL_ACCENT_COLOR_NAME = AccentColor;
				CODE_SIGN_STYLE = Automatic;
				CURRENT_PROJECT_VERSION = 1;
				DEVELOPMENT_TEAM = LL4R66V6Y3;
				GENERATE_INFOPLIST_FILE = YES;
				INFOPLIST_FILE = AppleTree/Info.plist;
				INFOPLIST_KEY_CFBundleDisplayName = "그로우 타임";
				INFOPLIST_KEY_LSApplicationCategoryType = "public.app-category.productivity";
				INFOPLIST_KEY_UIApplicationSupportsIndirectInputEvents = YES;
				INFOPLIST_KEY_UILaunchStoryboardName = LaunchScreen;
				INFOPLIST_KEY_UIMainStoryboardFile = Main;
				INFOPLIST_KEY_UISupportedInterfaceOrientations_iPad = "UIInterfaceOrientationPortrait UIInterfaceOrientationPortraitUpsideDown UIInterfaceOrientationLandscapeLeft UIInterfaceOrientationLandscapeRight";
				INFOPLIST_KEY_UISupportedInterfaceOrientations_iPhone = "UIInterfaceOrientationPortrait UIInterfaceOrientationLandscapeLeft UIInterfaceOrientationLandscapeRight";
				IPHONEOS_DEPLOYMENT_TARGET = 15.0;
				LD_RUNPATH_SEARCH_PATHS = (
					"$(inherited)",
					"@executable_path/Frameworks",
				);
				MARKETING_VERSION = 1.1;
				PRODUCT_BUNDLE_IDENTIFIER = com.cody.AppleTree;
				PRODUCT_NAME = "$(TARGET_NAME)";
				SUPPORTED_PLATFORMS = "iphoneos iphonesimulator";
				SUPPORTS_MACCATALYST = NO;
				SUPPORTS_MAC_DESIGNED_FOR_IPHONE_IPAD = NO;
				SWIFT_EMIT_LOC_STRINGS = YES;
				SWIFT_VERSION = 5.0;
				TARGETED_DEVICE_FAMILY = 1;
			};
			name = Debug;
		};
		2F7EE95328BCEA6B000F1F41 /* Release */ = {
			isa = XCBuildConfiguration;
			buildSettings = {
				ASSETCATALOG_COMPILER_APPICON_NAME = AppIcon;
				ASSETCATALOG_COMPILER_GLOBAL_ACCENT_COLOR_NAME = AccentColor;
				CODE_SIGN_STYLE = Automatic;
				CURRENT_PROJECT_VERSION = 1;
				DEVELOPMENT_TEAM = LL4R66V6Y3;
				GENERATE_INFOPLIST_FILE = YES;
				INFOPLIST_FILE = AppleTree/Info.plist;
				INFOPLIST_KEY_CFBundleDisplayName = "그로우 타임";
				INFOPLIST_KEY_LSApplicationCategoryType = "public.app-category.productivity";
				INFOPLIST_KEY_UIApplicationSupportsIndirectInputEvents = YES;
				INFOPLIST_KEY_UILaunchStoryboardName = LaunchScreen;
				INFOPLIST_KEY_UIMainStoryboardFile = Main;
				INFOPLIST_KEY_UISupportedInterfaceOrientations_iPad = "UIInterfaceOrientationPortrait UIInterfaceOrientationPortraitUpsideDown UIInterfaceOrientationLandscapeLeft UIInterfaceOrientationLandscapeRight";
				INFOPLIST_KEY_UISupportedInterfaceOrientations_iPhone = "UIInterfaceOrientationPortrait UIInterfaceOrientationLandscapeLeft UIInterfaceOrientationLandscapeRight";
				IPHONEOS_DEPLOYMENT_TARGET = 15.0;
				LD_RUNPATH_SEARCH_PATHS = (
					"$(inherited)",
					"@executable_path/Frameworks",
				);
				MARKETING_VERSION = 1.1;
				PRODUCT_BUNDLE_IDENTIFIER = com.cody.AppleTree;
				PRODUCT_NAME = "$(TARGET_NAME)";
				SUPPORTED_PLATFORMS = "iphoneos iphonesimulator";
				SUPPORTS_MACCATALYST = NO;
				SUPPORTS_MAC_DESIGNED_FOR_IPHONE_IPAD = NO;
				SWIFT_EMIT_LOC_STRINGS = YES;
				SWIFT_VERSION = 5.0;
				TARGETED_DEVICE_FAMILY = 1;
			};
			name = Release;
		};
/* End XCBuildConfiguration section */

/* Begin XCConfigurationList section */
		2F7EE93828BCEA69000F1F41 /* Build configuration list for PBXProject "AppleTree" */ = {
			isa = XCConfigurationList;
			buildConfigurations = (
				2F7EE94F28BCEA6B000F1F41 /* Debug */,
				2F7EE95028BCEA6B000F1F41 /* Release */,
			);
			defaultConfigurationIsVisible = 0;
			defaultConfigurationName = Release;
		};
		2F7EE95128BCEA6B000F1F41 /* Build configuration list for PBXNativeTarget "AppleTree" */ = {
			isa = XCConfigurationList;
			buildConfigurations = (
				2F7EE95228BCEA6B000F1F41 /* Debug */,
				2F7EE95328BCEA6B000F1F41 /* Release */,
			);
			defaultConfigurationIsVisible = 0;
			defaultConfigurationName = Release;
		};
/* End XCConfigurationList section */

/* Begin XCRemoteSwiftPackageReference section */
		2F1414A028E3DBCB00CF8EC4 /* XCRemoteSwiftPackageReference "realm-swift" */ = {
			isa = XCRemoteSwiftPackageReference;
			repositoryURL = "https://github.com/realm/realm-swift.git";
			requirement = {
				kind = exactVersion;
				version = 10.30.0;
			};
		};
		2F2AFABC28E17AEB00856314 /* XCRemoteSwiftPackageReference "Charts" */ = {
			isa = XCRemoteSwiftPackageReference;
			repositoryURL = "https://github.com/danielgindi/Charts.git";
			requirement = {
				kind = exactVersion;
				version = 4.1.0;
			};
		};
		2FAA584328CC54630067BFE8 /* XCRemoteSwiftPackageReference "SnapKit" */ = {
			isa = XCRemoteSwiftPackageReference;
			repositoryURL = "https://github.com/SnapKit/SnapKit.git";
			requirement = {
				kind = upToNextMajorVersion;
				minimumVersion = 5.0.0;
			};
		};
		2FB41FF628CF8D7C00B8E245 /* XCRemoteSwiftPackageReference "FSCalendar" */ = {
			isa = XCRemoteSwiftPackageReference;
			repositoryURL = "https://github.com/WenchaoD/FSCalendar.git";
			requirement = {
				kind = upToNextMajorVersion;
				minimumVersion = 2.0.0;
			};
		};
		2FD5514E28D71DFB00D1ED25 /* XCRemoteSwiftPackageReference "Toast-Swift" */ = {
			isa = XCRemoteSwiftPackageReference;
			repositoryURL = "https://github.com/scalessec/Toast-Swift.git";
			requirement = {
				kind = upToNextMajorVersion;
				minimumVersion = 5.0.0;
			};
		};
/* End XCRemoteSwiftPackageReference section */

/* Begin XCSwiftPackageProductDependency section */
		2F1414A128E3DBCB00CF8EC4 /* Realm */ = {
			isa = XCSwiftPackageProductDependency;
			package = 2F1414A028E3DBCB00CF8EC4 /* XCRemoteSwiftPackageReference "realm-swift" */;
			productName = Realm;
		};
		2F1414A328E3DBCB00CF8EC4 /* RealmSwift */ = {
			isa = XCSwiftPackageProductDependency;
			package = 2F1414A028E3DBCB00CF8EC4 /* XCRemoteSwiftPackageReference "realm-swift" */;
			productName = RealmSwift;
		};
		2F2AFABD28E17AEB00856314 /* Charts */ = {
			isa = XCSwiftPackageProductDependency;
			package = 2F2AFABC28E17AEB00856314 /* XCRemoteSwiftPackageReference "Charts" */;
			productName = Charts;
		};
		2FAA584428CC54630067BFE8 /* SnapKit */ = {
			isa = XCSwiftPackageProductDependency;
			package = 2FAA584328CC54630067BFE8 /* XCRemoteSwiftPackageReference "SnapKit" */;
			productName = SnapKit;
		};
		2FB41FF728CF8D7C00B8E245 /* FSCalendar */ = {
			isa = XCSwiftPackageProductDependency;
			package = 2FB41FF628CF8D7C00B8E245 /* XCRemoteSwiftPackageReference "FSCalendar" */;
			productName = FSCalendar;
		};
		2FD5514F28D71DFB00D1ED25 /* Toast */ = {
			isa = XCSwiftPackageProductDependency;
			package = 2FD5514E28D71DFB00D1ED25 /* XCRemoteSwiftPackageReference "Toast-Swift" */;
			productName = Toast;
		};
/* End XCSwiftPackageProductDependency section */
	};
	rootObject = 2F7EE93528BCEA69000F1F41 /* Project object */;
}
